
Microsoft Visual Studio Solution File, Format Version 12.00
# Visual Studio Version 17
VisualStudioVersion = 17.10.34928.147
MinimumVisualStudioVersion = 10.0.40219.1
Project("{FAE04EC0-301F-11D3-BF4B-00C04F79EFBC}") = "UserInterface", "UserInterface\UserInterface.csproj", "{5A073B00-BFE4-42F0-9655-1168B7CAA6DC}"
EndProject
Project("{FAE04EC0-301F-11D3-BF4B-00C04F79EFBC}") = "Stationery", "Stationery\Stationery.csproj", "{0E46BCEB-A96F-451C-A701-8C7F69A46488}"
EndProject
Global
	GlobalSection(SolutionConfigurationPlatforms) = preSolution
		Debug|Any CPU = Debug|Any CPU
		Release|Any CPU = Release|Any CPU
	EndGlobalSection
	GlobalSection(ProjectConfigurationPlatforms) = postSolution
		{5A073B00-BFE4-42F0-9655-1168B7CAA6DC}.Debug|Any CPU.ActiveCfg = Debug|Any CPU
		{5A073B00-BFE4-42F0-9655-1168B7CAA6DC}.Debug|Any CPU.Build.0 = Debug|Any CPU
		{5A073B00-BFE4-42F0-9655-1168B7CAA6DC}.Release|Any CPU.ActiveCfg = Release|Any CPU
		{5A073B00-BFE4-42F0-9655-1168B7CAA6DC}.Release|Any CPU.Build.0 = Release|Any CPU
		{0E46BCEB-A96F-451C-A701-8C7F69A46488}.Debug|Any CPU.ActiveCfg = Debug|Any CPU
		{0E46BCEB-A96F-451C-A701-8C7F69A46488}.Debug|Any CPU.Build.0 = Debug|Any CPU
		{0E46BCEB-A96F-451C-A701-8C7F69A46488}.Release|Any CPU.ActiveCfg = Release|Any CPU
		{0E46BCEB-A96F-451C-A701-8C7F69A46488}.Release|Any CPU.Build.0 = Release|Any CPU
	EndGlobalSection
	GlobalSection(SolutionProperties) = preSolution
		HideSolutionNode = FALSE
	EndGlobalSection
	GlobalSection(ExtensibilityGlobals) = postSolution
		SolutionGuid = {90894E80-F3C7-4AE2-BEC3-522867332DBE}
	EndGlobalSection
EndGlobal
